
Microsoft Visual Studio Solution File, Format Version 12.00
# Visual Studio Version 16
VisualStudioVersion = 16.0.30204.135
MinimumVisualStudioVersion = 10.0.40219.1
Project("{8BC9CEB8-8B4A-11D0-8D11-00A0C91BC942}") = "Cpp_WindowsGoProWebcam", "Cpp_WindowsGoProWebcam.vcxproj", "{F8C4A6F9-AAAA-457F-9AC6-CC9EF3EA6357}"
EndProject
Global
	GlobalSection(SolutionConfigurationPlatforms) = preSolution
		Debug|x64 = Debug|x64
		Debug|x86 = Debug|x86
		Release|x64 = Release|x64
		Release|x86 = Release|x86
	EndGlobalSection
	GlobalSection(ProjectConfigurationPlatforms) = postSolution
		{F8C4A6F9-AAAA-457F-9AC6-CC9EF3EA6357}.Debug|x64.ActiveCfg = Debug|x64
		{F8C4A6F9-AAAA-457F-9AC6-CC9EF3EA6357}.Debug|x64.Build.0 = Debug|x64
		{F8C4A6F9-AAAA-457F-9AC6-CC9EF3EA6357}.Debug|x86.ActiveCfg = Debug|Win32
		{F8C4A6F9-AAAA-457F-9AC6-CC9EF3EA6357}.Debug|x86.Build.0 = Debug|Win32
		{F8C4A6F9-AAAA-457F-9AC6-CC9EF3EA6357}.Release|x64.ActiveCfg = Release|x64
		{F8C4A6F9-AAAA-457F-9AC6-CC9EF3EA6357}.Release|x64.Build.0 = Release|x64
		{F8C4A6F9-AAAA-457F-9AC6-CC9EF3EA6357}.Release|x86.ActiveCfg = Release|Win32
		{F8C4A6F9-AAAA-457F-9AC6-CC9EF3EA6357}.Release|x86.Build.0 = Release|Win32
	EndGlobalSection
	GlobalSection(SolutionProperties) = preSolution
		HideSolutionNode = FALSE
	EndGlobalSection
	GlobalSection(ExtensibilityGlobals) = postSolution
		SolutionGuid = {BD6CF4DA-4FA5-4028-B048-5CC28D690D68}
	EndGlobalSection
EndGlobal
